
Microsoft Visual Studio Solution File, Format Version 12.00
# Visual Studio 15
VisualStudioVersion = 15.0.27004.2006
MinimumVisualStudioVersion = 10.0.40219.1
Project("{FAE04EC0-301F-11D3-BF4B-00C04F79EFBC}") = "Linq_console", "Linq_console\Linq_console.csproj", "{2C189CF6-C7CA-4818-B0DA-55EF5D729A66}"
EndProject
Project("{FAE04EC0-301F-11D3-BF4B-00C04F79EFBC}") = "EmployeeLinq", "EmployeeLinq\EmployeeLinq.csproj", "{3A1FF26A-CA79-4400-8A81-DC0A4E9E3096}"
EndProject
Project("{FAE04EC0-301F-11D3-BF4B-00C04F79EFBC}") = "LinqSort", "LinqSort\LinqSort.csproj", "{EAC2E3AF-89B3-4C03-974D-50353DCE54FE}"
EndProject
Global
	GlobalSection(SolutionConfigurationPlatforms) = preSolution
		Debug|Any CPU = Debug|Any CPU
		Release|Any CPU = Release|Any CPU
	EndGlobalSection
	GlobalSection(ProjectConfigurationPlatforms) = postSolution
		{2C189CF6-C7CA-4818-B0DA-55EF5D729A66}.Debug|Any CPU.ActiveCfg = Debug|Any CPU
		{2C189CF6-C7CA-4818-B0DA-55EF5D729A66}.Debug|Any CPU.Build.0 = Debug|Any CPU
		{2C189CF6-C7CA-4818-B0DA-55EF5D729A66}.Release|Any CPU.ActiveCfg = Release|Any CPU
		{2C189CF6-C7CA-4818-B0DA-55EF5D729A66}.Release|Any CPU.Build.0 = Release|Any CPU
		{3A1FF26A-CA79-4400-8A81-DC0A4E9E3096}.Debug|Any CPU.ActiveCfg = Debug|Any CPU
		{3A1FF26A-CA79-4400-8A81-DC0A4E9E3096}.Debug|Any CPU.Build.0 = Debug|Any CPU
		{3A1FF26A-CA79-4400-8A81-DC0A4E9E3096}.Release|Any CPU.ActiveCfg = Release|Any CPU
		{3A1FF26A-CA79-4400-8A81-DC0A4E9E3096}.Release|Any CPU.Build.0 = Release|Any CPU
		{EAC2E3AF-89B3-4C03-974D-50353DCE54FE}.Debug|Any CPU.ActiveCfg = Debug|Any CPU
		{EAC2E3AF-89B3-4C03-974D-50353DCE54FE}.Debug|Any CPU.Build.0 = Debug|Any CPU
		{EAC2E3AF-89B3-4C03-974D-50353DCE54FE}.Release|Any CPU.ActiveCfg = Release|Any CPU
		{EAC2E3AF-89B3-4C03-974D-50353DCE54FE}.Release|Any CPU.Build.0 = Release|Any CPU
	EndGlobalSection
	GlobalSection(SolutionProperties) = preSolution
		HideSolutionNode = FALSE
	EndGlobalSection
	GlobalSection(ExtensibilityGlobals) = postSolution
		SolutionGuid = {5F3CF066-BF29-499C-A5BA-22A4BC8A4AA2}
	EndGlobalSection
EndGlobal
